
Microsoft Visual Studio Solution File, Format Version 12.00
# Visual Studio 14
VisualStudioVersion = 14.0.25420.1
MinimumVisualStudioVersion = 10.0.40219.1
Project("{8BC9CEB8-8B4A-11D0-8D11-00A0C91BC942}") = "OpenGL01", "OpenGL01\OpenGL01.vcxproj", "{21C62772-78B7-4EA2-82AF-53168E51B66B}"
EndProject
Project("{8BC9CEB8-8B4A-11D0-8D11-00A0C91BC942}") = "CommonLib", "..\CommonLib\CommonLib.vcxproj", "{E26C0BAA-3526-449C-B52D-32AE45BB632C}"
EndProject
Global
	GlobalSection(SolutionConfigurationPlatforms) = preSolution
		Debug|x64 = Debug|x64
		Debug|x86 = Debug|x86
		Release|x64 = Release|x64
		Release|x86 = Release|x86
	EndGlobalSection
	GlobalSection(ProjectConfigurationPlatforms) = postSolution
		{21C62772-78B7-4EA2-82AF-53168E51B66B}.Debug|x64.ActiveCfg = Debug|x64
		{21C62772-78B7-4EA2-82AF-53168E51B66B}.Debug|x64.Build.0 = Debug|x64
		{21C62772-78B7-4EA2-82AF-53168E51B66B}.Debug|x86.ActiveCfg = Debug|Win32
		{21C62772-78B7-4EA2-82AF-53168E51B66B}.Debug|x86.Build.0 = Debug|Win32
		{21C62772-78B7-4EA2-82AF-53168E51B66B}.Release|x64.ActiveCfg = Release|x64
		{21C62772-78B7-4EA2-82AF-53168E51B66B}.Release|x64.Build.0 = Release|x64
		{21C62772-78B7-4EA2-82AF-53168E51B66B}.Release|x86.ActiveCfg = Release|Win32
		{21C62772-78B7-4EA2-82AF-53168E51B66B}.Release|x86.Build.0 = Release|Win32
		{E26C0BAA-3526-449C-B52D-32AE45BB632C}.Debug|x64.ActiveCfg = Debug|Win32
		{E26C0BAA-3526-449C-B52D-32AE45BB632C}.Debug|x86.ActiveCfg = Debug|Win32
		{E26C0BAA-3526-449C-B52D-32AE45BB632C}.Debug|x86.Build.0 = Debug|Win32
		{E26C0BAA-3526-449C-B52D-32AE45BB632C}.Release|x64.ActiveCfg = Release|Win32
		{E26C0BAA-3526-449C-B52D-32AE45BB632C}.Release|x86.ActiveCfg = Release|Win32
		{E26C0BAA-3526-449C-B52D-32AE45BB632C}.Release|x86.Build.0 = Release|Win32
	EndGlobalSection
	GlobalSection(SolutionProperties) = preSolution
		HideSolutionNode = FALSE
	EndGlobalSection
EndGlobal
